
Microsoft Visual Studio Solution File, Format Version 12.00
# Visual Studio 15
VisualStudioVersion = 15.0.28010.2048
MinimumVisualStudioVersion = 10.0.40219.1
Project("{FAE04EC0-301F-11D3-BF4B-00C04F79EFBC}") = "SQL2POCO", "SQL2POCO\SQL2POCO.csproj", "{E40CA41A-A89E-4EC9-BF5E-E1A1199B07B9}"
EndProject
Global
	GlobalSection(SolutionConfigurationPlatforms) = preSolution
		Debug|Any CPU = Debug|Any CPU
		Release|Any CPU = Release|Any CPU
	EndGlobalSection
	GlobalSection(ProjectConfigurationPlatforms) = postSolution
		{E40CA41A-A89E-4EC9-BF5E-E1A1199B07B9}.Debug|Any CPU.ActiveCfg = Debug|Any CPU
		{E40CA41A-A89E-4EC9-BF5E-E1A1199B07B9}.Debug|Any CPU.Build.0 = Debug|Any CPU
		{E40CA41A-A89E-4EC9-BF5E-E1A1199B07B9}.Release|Any CPU.ActiveCfg = Release|Any CPU
		{E40CA41A-A89E-4EC9-BF5E-E1A1199B07B9}.Release|Any CPU.Build.0 = Release|Any CPU
	EndGlobalSection
	GlobalSection(SolutionProperties) = preSolution
		HideSolutionNode = FALSE
	EndGlobalSection
	GlobalSection(ExtensibilityGlobals) = postSolution
		SolutionGuid = {61D9CBC0-28DD-46B8-B5DB-3B90E4CDFF82}
	EndGlobalSection
EndGlobal
